// !$*UTF8*$!
{
	archiveVersion = 1;
	classes = {
	};
	objectVersion = 48;
	objects = {

/* Begin PBXBuildFile section */
		C116F567206FFD6B007CBE6B /* AnimationEngine.m in Sources */ = {isa = PBXBuildFile; fileRef = C116F566206FFD6B007CBE6B /* AnimationEngine.m */; };
		C11AB43120619608000AB000 /* AppDelegate.m in Sources */ = {isa = PBXBuildFile; fileRef = C11AB43020619608000AB000 /* AppDelegate.m */; };
		C11AB43420619608000AB000 /* DayView.m in Sources */ = {isa = PBXBuildFile; fileRef = C11AB43320619608000AB000 /* DayView.m */; };
		C11AB43720619608000AB000 /* Main.storyboard in Resources */ = {isa = PBXBuildFile; fileRef = C11AB43520619608000AB000 /* Main.storyboard */; };
		C11AB43920619608000AB000 /* Assets.xcassets in Resources */ = {isa = PBXBuildFile; fileRef = C11AB43820619608000AB000 /* Assets.xcassets */; };
		C11AB43C20619608000AB000 /* LaunchScreen.storyboard in Resources */ = {isa = PBXBuildFile; fileRef = C11AB43A20619608000AB000 /* LaunchScreen.storyboard */; };
		C11AB43F20619608000AB000 /* main.m in Sources */ = {isa = PBXBuildFile; fileRef = C11AB43E20619608000AB000 /* main.m */; };
		C11ED851206D48A500000A85 /* SettingsRoundedRect.m in Sources */ = {isa = PBXBuildFile; fileRef = C11ED850206D48A500000A85 /* SettingsRoundedRect.m */; };
		C16A5C3C2069975B00A9E0A4 /* LocationPickerViewController.m in Sources */ = {isa = PBXBuildFile; fileRef = C16A5C3B2069975B00A9E0A4 /* LocationPickerViewController.m */; };
		C16A5C3F2069976B00A9E0A4 /* TimePickerViewController.m in Sources */ = {isa = PBXBuildFile; fileRef = C16A5C3E2069976B00A9E0A4 /* TimePickerViewController.m */; };
		C198C3CA2066F910001F7B59 /* WeekView.m in Sources */ = {isa = PBXBuildFile; fileRef = C198C3C92066F910001F7B59 /* WeekView.m */; };
		C198C3CD2066F91C001F7B59 /* SettingsViewController.m in Sources */ = {isa = PBXBuildFile; fileRef = C198C3CC2066F91C001F7B59 /* SettingsViewController.m */; };
		C198C3D12066FAB5001F7B59 /* ContainerViewController.m in Sources */ = {isa = PBXBuildFile; fileRef = C198C3D02066FAB5001F7B59 /* ContainerViewController.m */; };
		C198C3D42066FD7D001F7B59 /* AMSection.m in Sources */ = {isa = PBXBuildFile; fileRef = C198C3D32066FD7D001F7B59 /* AMSection.m */; };
		C198C3D72066FD8B001F7B59 /* PMSection.m in Sources */ = {isa = PBXBuildFile; fileRef = C198C3D62066FD8B001F7B59 /* PMSection.m */; };
		C1FE8BBB2071014100C24F44 /* AMSectionButton.m in Sources */ = {isa = PBXBuildFile; fileRef = C1FE8BBA2071014100C24F44 /* AMSectionButton.m */; };
		C1FE8BBE207109EB00C24F44 /* PMSectionButton.m in Sources */ = {isa = PBXBuildFile; fileRef = C1FE8BBD207109EB00C24F44 /* PMSectionButton.m */; };
/* End PBXBuildFile section */

/* Begin PBXFileReference section */
		C116F565206FFD6B007CBE6B /* AnimationEngine.h */ = {isa = PBXFileReference; lastKnownFileType = sourcecode.c.h; path = AnimationEngine.h; sourceTree = "<group>"; };
		C116F566206FFD6B007CBE6B /* AnimationEngine.m */ = {isa = PBXFileReference; lastKnownFileType = sourcecode.c.objc; path = AnimationEngine.m; sourceTree = "<group>"; };
		C11AB42C20619608000AB000 /* WeatherApp.app */ = {isa = PBXFileReference; explicitFileType = wrapper.application; includeInIndex = 0; path = WeatherApp.app; sourceTree = BUILT_PRODUCTS_DIR; };
		C11AB42F20619608000AB000 /* AppDelegate.h */ = {isa = PBXFileReference; lastKnownFileType = sourcecode.c.h; path = AppDelegate.h; sourceTree = "<group>"; };
		C11AB43020619608000AB000 /* AppDelegate.m */ = {isa = PBXFileReference; lastKnownFileType = sourcecode.c.objc; path = AppDelegate.m; sourceTree = "<group>"; };
		C11AB43220619608000AB000 /* DayView.h */ = {isa = PBXFileReference; lastKnownFileType = sourcecode.c.h; path = DayView.h; sourceTree = "<group>"; };
		C11AB43320619608000AB000 /* DayView.m */ = {isa = PBXFileReference; lastKnownFileType = sourcecode.c.objc; path = DayView.m; sourceTree = "<group>"; };
		C11AB43620619608000AB000 /* Base */ = {isa = PBXFileReference; lastKnownFileType = file.storyboard; name = Base; path = Base.lproj/Main.storyboard; sourceTree = "<group>"; };
		C11AB43820619608000AB000 /* Assets.xcassets */ = {isa = PBXFileReference; lastKnownFileType = folder.assetcatalog; path = Assets.xcassets; sourceTree = "<group>"; };
		C11AB43B20619608000AB000 /* Base */ = {isa = PBXFileReference; lastKnownFileType = file.storyboard; name = Base; path = Base.lproj/LaunchScreen.storyboard; sourceTree = "<group>"; };
		C11AB43D20619608000AB000 /* Info.plist */ = {isa = PBXFileReference; lastKnownFileType = text.plist.xml; path = Info.plist; sourceTree = "<group>"; };
		C11AB43E20619608000AB000 /* main.m */ = {isa = PBXFileReference; lastKnownFileType = sourcecode.c.objc; path = main.m; sourceTree = "<group>"; };
		C11ED84F206D48A500000A85 /* SettingsRoundedRect.h */ = {isa = PBXFileReference; lastKnownFileType = sourcecode.c.h; path = SettingsRoundedRect.h; sourceTree = "<group>"; };
		C11ED850206D48A500000A85 /* SettingsRoundedRect.m */ = {isa = PBXFileReference; lastKnownFileType = sourcecode.c.objc; path = SettingsRoundedRect.m; sourceTree = "<group>"; };
		C16A5C3A2069975B00A9E0A4 /* LocationPickerViewController.h */ = {isa = PBXFileReference; lastKnownFileType = sourcecode.c.h; path = LocationPickerViewController.h; sourceTree = "<group>"; };
		C16A5C3B2069975B00A9E0A4 /* LocationPickerViewController.m */ = {isa = PBXFileReference; lastKnownFileType = sourcecode.c.objc; path = LocationPickerViewController.m; sourceTree = "<group>"; };
		C16A5C3D2069976B00A9E0A4 /* TimePickerViewController.h */ = {isa = PBXFileReference; lastKnownFileType = sourcecode.c.h; path = TimePickerViewController.h; sourceTree = "<group>"; };
		C16A5C3E2069976B00A9E0A4 /* TimePickerViewController.m */ = {isa = PBXFileReference; lastKnownFileType = sourcecode.c.objc; path = TimePickerViewController.m; sourceTree = "<group>"; };
		C198C3C82066F910001F7B59 /* WeekView.h */ = {isa = PBXFileReference; lastKnownFileType = sourcecode.c.h; path = WeekView.h; sourceTree = "<group>"; };
		C198C3C92066F910001F7B59 /* WeekView.m */ = {isa = PBXFileReference; lastKnownFileType = sourcecode.c.objc; path = WeekView.m; sourceTree = "<group>"; };
		C198C3CB2066F91C001F7B59 /* SettingsViewController.h */ = {isa = PBXFileReference; lastKnownFileType = sourcecode.c.h; path = SettingsViewController.h; sourceTree = "<group>"; };
		C198C3CC2066F91C001F7B59 /* SettingsViewController.m */ = {isa = PBXFileReference; lastKnownFileType = sourcecode.c.objc; path = SettingsViewController.m; sourceTree = "<group>"; };
		C198C3CF2066FAB5001F7B59 /* ContainerViewController.h */ = {isa = PBXFileReference; lastKnownFileType = sourcecode.c.h; path = ContainerViewController.h; sourceTree = "<group>"; };
		C198C3D02066FAB5001F7B59 /* ContainerViewController.m */ = {isa = PBXFileReference; lastKnownFileType = sourcecode.c.objc; path = ContainerViewController.m; sourceTree = "<group>"; };
		C198C3D22066FD7D001F7B59 /* AMSection.h */ = {isa = PBXFileReference; lastKnownFileType = sourcecode.c.h; path = AMSection.h; sourceTree = "<group>"; };
		C198C3D32066FD7D001F7B59 /* AMSection.m */ = {isa = PBXFileReference; lastKnownFileType = sourcecode.c.objc; path = AMSection.m; sourceTree = "<group>"; };
		C198C3D52066FD8B001F7B59 /* PMSection.h */ = {isa = PBXFileReference; lastKnownFileType = sourcecode.c.h; path = PMSection.h; sourceTree = "<group>"; };
		C198C3D62066FD8B001F7B59 /* PMSection.m */ = {isa = PBXFileReference; lastKnownFileType = sourcecode.c.objc; path = PMSection.m; sourceTree = "<group>"; };
		C1FE8BB92071014100C24F44 /* AMSectionButton.h */ = {isa = PBXFileReference; lastKnownFileType = sourcecode.c.h; path = AMSectionButton.h; sourceTree = "<group>"; };
		C1FE8BBA2071014100C24F44 /* AMSectionButton.m */ = {isa = PBXFileReference; lastKnownFileType = sourcecode.c.objc; path = AMSectionButton.m; sourceTree = "<group>"; };
		C1FE8BBC207109EB00C24F44 /* PMSectionButton.h */ = {isa = PBXFileReference; lastKnownFileType = sourcecode.c.h; path = PMSectionButton.h; sourceTree = "<group>"; };
		C1FE8BBD207109EB00C24F44 /* PMSectionButton.m */ = {isa = PBXFileReference; lastKnownFileType = sourcecode.c.objc; path = PMSectionButton.m; sourceTree = "<group>"; };
/* End PBXFileReference section */

/* Begin PBXFrameworksBuildPhase section */
		C11AB42920619608000AB000 /* Frameworks */ = {
			isa = PBXFrameworksBuildPhase;
			buildActionMask = 2147483647;
			files = (
			);
			runOnlyForDeploymentPostprocessing = 0;
		};
/* End PBXFrameworksBuildPhase section */

/* Begin PBXGroup section */
		C116F564206FFC6E007CBE6B /* Utilities */ = {
			isa = PBXGroup;
			children = (
				C116F565206FFD6B007CBE6B /* AnimationEngine.h */,
				C116F566206FFD6B007CBE6B /* AnimationEngine.m */,
			);
			path = Utilities;
			sourceTree = "<group>";
		};
		C11AB42320619608000AB000 = {
			isa = PBXGroup;
			children = (
				C11AB42E20619608000AB000 /* WeatherApp */,
				C11AB42D20619608000AB000 /* Products */,
			);
			sourceTree = "<group>";
		};
		C11AB42D20619608000AB000 /* Products */ = {
			isa = PBXGroup;
			children = (
				C11AB42C20619608000AB000 /* WeatherApp.app */,
			);
			name = Products;
			sourceTree = "<group>";
		};
		C11AB42E20619608000AB000 /* WeatherApp */ = {
			isa = PBXGroup;
			children = (
				C116F564206FFC6E007CBE6B /* Utilities */,
				C11AB44520619B1E000AB000 /* View */,
				C11AB42F20619608000AB000 /* AppDelegate.h */,
				C11AB43020619608000AB000 /* AppDelegate.m */,
				C11AB43520619608000AB000 /* Main.storyboard */,
				C11AB43820619608000AB000 /* Assets.xcassets */,
				C11AB43A20619608000AB000 /* LaunchScreen.storyboard */,
				C11AB43D20619608000AB000 /* Info.plist */,
				C11AB43E20619608000AB000 /* main.m */,
			);
			path = WeatherApp;
			sourceTree = "<group>";
		};
		C11AB44520619B1E000AB000 /* View */ = {
			isa = PBXGroup;
			children = (
				C198C3CE2066FA80001F7B59 /* MainContainer */,
				C198C3C72066F8B6001F7B59 /* SettingsView */,
			);
			path = View;
			sourceTree = "<group>";
		};
		C16A5C392069973500A9E0A4 /* PickerViews */ = {
			isa = PBXGroup;
			children = (
				C16A5C3A2069975B00A9E0A4 /* LocationPickerViewController.h */,
				C16A5C3B2069975B00A9E0A4 /* LocationPickerViewController.m */,
				C16A5C3D2069976B00A9E0A4 /* TimePickerViewController.h */,
				C16A5C3E2069976B00A9E0A4 /* TimePickerViewController.m */,
			);
			path = PickerViews;
			sourceTree = "<group>";
		};
		C198C3C52066F8AA001F7B59 /* DayView */ = {
			isa = PBXGroup;
			children = (
				C198C3D82066FDEE001F7B59 /* SummarySections */,
				C11AB43220619608000AB000 /* DayView.h */,
				C11AB43320619608000AB000 /* DayView.m */,
			);
			path = DayView;
			sourceTree = "<group>";
		};
		C198C3C62066F8AF001F7B59 /* WeekView */ = {
			isa = PBXGroup;
			children = (
				C198C3C82066F910001F7B59 /* WeekView.h */,
				C198C3C92066F910001F7B59 /* WeekView.m */,
			);
			path = WeekView;
			sourceTree = "<group>";
		};
		C198C3C72066F8B6001F7B59 /* SettingsView */ = {
			isa = PBXGroup;
			children = (
				C16A5C392069973500A9E0A4 /* PickerViews */,
				C198C3CB2066F91C001F7B59 /* SettingsViewController.h */,
				C198C3CC2066F91C001F7B59 /* SettingsViewController.m */,
				C11ED84F206D48A500000A85 /* SettingsRoundedRect.h */,
				C11ED850206D48A500000A85 /* SettingsRoundedRect.m */,
			);
			path = SettingsView;
			sourceTree = "<group>";
		};
		C198C3CE2066FA80001F7B59 /* MainContainer */ = {
			isa = PBXGroup;
			children = (
				C198C3C52066F8AA001F7B59 /* DayView */,
				C198C3C62066F8AF001F7B59 /* WeekView */,
				C198C3CF2066FAB5001F7B59 /* ContainerViewController.h */,
				C198C3D02066FAB5001F7B59 /* ContainerViewController.m */,
			);
			path = MainContainer;
			sourceTree = "<group>";
		};
		C198C3D82066FDEE001F7B59 /* SummarySections */ = {
			isa = PBXGroup;
			children = (
				C198C3D22066FD7D001F7B59 /* AMSection.h */,
				C198C3D32066FD7D001F7B59 /* AMSection.m */,
				C198C3D52066FD8B001F7B59 /* PMSection.h */,
				C198C3D62066FD8B001F7B59 /* PMSection.m */,
				C1FE8BB92071014100C24F44 /* AMSectionButton.h */,
				C1FE8BBA2071014100C24F44 /* AMSectionButton.m */,
				C1FE8BBC207109EB00C24F44 /* PMSectionButton.h */,
				C1FE8BBD207109EB00C24F44 /* PMSectionButton.m */,
			);
			path = SummarySections;
			sourceTree = "<group>";
		};
/* End PBXGroup section */

/* Begin PBXNativeTarget section */
		C11AB42B20619608000AB000 /* WeatherApp */ = {
			isa = PBXNativeTarget;
			buildConfigurationList = C11AB44220619608000AB000 /* Build configuration list for PBXNativeTarget "WeatherApp" */;
			buildPhases = (
				C11AB42820619608000AB000 /* Sources */,
				C11AB42920619608000AB000 /* Frameworks */,
				C11AB42A20619608000AB000 /* Resources */,
			);
			buildRules = (
			);
			dependencies = (
			);
			name = WeatherApp;
			productName = WeatherApp;
			productReference = C11AB42C20619608000AB000 /* WeatherApp.app */;
			productType = "com.apple.product-type.application";
		};
/* End PBXNativeTarget section */

/* Begin PBXProject section */
		C11AB42420619608000AB000 /* Project object */ = {
			isa = PBXProject;
			attributes = {
				LastUpgradeCheck = 0910;
				ORGANIZATIONNAME = "Onyx Interactive";
				TargetAttributes = {
					C11AB42B20619608000AB000 = {
						CreatedOnToolsVersion = 9.1;
						ProvisioningStyle = Automatic;
					};
				};
			};
			buildConfigurationList = C11AB42720619608000AB000 /* Build configuration list for PBXProject "WeatherApp" */;
			compatibilityVersion = "Xcode 8.0";
			developmentRegion = en;
			hasScannedForEncodings = 0;
			knownRegions = (
				en,
				Base,
			);
			mainGroup = C11AB42320619608000AB000;
			productRefGroup = C11AB42D20619608000AB000 /* Products */;
			projectDirPath = "";
			projectRoot = "";
			targets = (
				C11AB42B20619608000AB000 /* WeatherApp */,
			);
		};
/* End PBXProject section */

/* Begin PBXResourcesBuildPhase section */
		C11AB42A20619608000AB000 /* Resources */ = {
			isa = PBXResourcesBuildPhase;
			buildActionMask = 2147483647;
			files = (
				C11AB43C20619608000AB000 /* LaunchScreen.storyboard in Resources */,
				C11AB43920619608000AB000 /* Assets.xcassets in Resources */,
				C11AB43720619608000AB000 /* Main.storyboard in Resources */,
			);
			runOnlyForDeploymentPostprocessing = 0;
		};
/* End PBXResourcesBuildPhase section */

/* Begin PBXSourcesBuildPhase section */
		C11AB42820619608000AB000 /* Sources */ = {
			isa = PBXSourcesBuildPhase;
			buildActionMask = 2147483647;
			files = (
				C11AB43420619608000AB000 /* DayView.m in Sources */,
				C198C3D42066FD7D001F7B59 /* AMSection.m in Sources */,
				C1FE8BBB2071014100C24F44 /* AMSectionButton.m in Sources */,
				C116F567206FFD6B007CBE6B /* AnimationEngine.m in Sources */,
				C11AB43F20619608000AB000 /* main.m in Sources */,
				C16A5C3F2069976B00A9E0A4 /* TimePickerViewController.m in Sources */,
				C198C3CD2066F91C001F7B59 /* SettingsViewController.m in Sources */,
				C198C3D12066FAB5001F7B59 /* ContainerViewController.m in Sources */,
				C1FE8BBE207109EB00C24F44 /* PMSectionButton.m in Sources */,
				C198C3D72066FD8B001F7B59 /* PMSection.m in Sources */,
				C11ED851206D48A500000A85 /* SettingsRoundedRect.m in Sources */,
				C11AB43120619608000AB000 /* AppDelegate.m in Sources */,
				C198C3CA2066F910001F7B59 /* WeekView.m in Sources */,
				C16A5C3C2069975B00A9E0A4 /* LocationPickerViewController.m in Sources */,
			);
			runOnlyForDeploymentPostprocessing = 0;
		};
/* End PBXSourcesBuildPhase section */

/* Begin PBXVariantGroup section */
		C11AB43520619608000AB000 /* Main.storyboard */ = {
			isa = PBXVariantGroup;
			children = (
				C11AB43620619608000AB000 /* Base */,
			);
			name = Main.storyboard;
			sourceTree = "<group>";
		};
		C11AB43A20619608000AB000 /* LaunchScreen.storyboard */ = {
			isa = PBXVariantGroup;
			children = (
				C11AB43B20619608000AB000 /* Base */,
			);
			name = LaunchScreen.storyboard;
			sourceTree = "<group>";
		};
/* End PBXVariantGroup section */

/* Begin XCBuildConfiguration section */
		C11AB44020619608000AB000 /* Debug */ = {
			isa = XCBuildConfiguration;
			buildSettings = {
				ALWAYS_SEARCH_USER_PATHS = NO;
				CLANG_ANALYZER_NONNULL = YES;
				CLANG_ANALYZER_NUMBER_OBJECT_CONVERSION = YES_AGGRESSIVE;
				CLANG_CXX_LANGUAGE_STANDARD = "gnu++14";
				CLANG_CXX_LIBRARY = "libc++";
				CLANG_ENABLE_MODULES = YES;
				CLANG_ENABLE_OBJC_ARC = YES;
				CLANG_WARN_BLOCK_CAPTURE_AUTORELEASING = YES;
				CLANG_WARN_BOOL_CONVERSION = YES;
				CLANG_WARN_COMMA = YES;
				CLANG_WARN_CONSTANT_CONVERSION = YES;
				CLANG_WARN_DIRECT_OBJC_ISA_USAGE = YES_ERROR;
				CLANG_WARN_DOCUMENTATION_COMMENTS = YES;
				CLANG_WARN_EMPTY_BODY = YES;
				CLANG_WARN_ENUM_CONVERSION = YES;
				CLANG_WARN_INFINITE_RECURSION = YES;
				CLANG_WARN_INT_CONVERSION = YES;
				CLANG_WARN_NON_LITERAL_NULL_CONVERSION = YES;
				CLANG_WARN_OBJC_LITERAL_CONVERSION = YES;
				CLANG_WARN_OBJC_ROOT_CLASS = YES_ERROR;
				CLANG_WARN_RANGE_LOOP_ANALYSIS = YES;
				CLANG_WARN_STRICT_PROTOTYPES = YES;
				CLANG_WARN_SUSPICIOUS_MOVE = YES;
				CLANG_WARN_UNGUARDED_AVAILABILITY = YES_AGGRESSIVE;
				CLANG_WARN_UNREACHABLE_CODE = YES;
				CLANG_WARN__DUPLICATE_METHOD_MATCH = YES;
				CODE_SIGN_IDENTITY = "iPhone Developer";
				COPY_PHASE_STRIP = NO;
				DEBUG_INFORMATION_FORMAT = dwarf;
				ENABLE_STRICT_OBJC_MSGSEND = YES;
				ENABLE_TESTABILITY = YES;
				GCC_C_LANGUAGE_STANDARD = gnu11;
				GCC_DYNAMIC_NO_PIC = NO;
				GCC_NO_COMMON_BLOCKS = YES;
				GCC_OPTIMIZATION_LEVEL = 0;
				GCC_PREPROCESSOR_DEFINITIONS = (
					"DEBUG=1",
					"$(inherited)",
				);
				GCC_WARN_64_TO_32_BIT_CONVERSION = YES;
				GCC_WARN_ABOUT_RETURN_TYPE = YES_ERROR;
				GCC_WARN_UNDECLARED_SELECTOR = YES;
				GCC_WARN_UNINITIALIZED_AUTOS = YES_AGGRESSIVE;
				GCC_WARN_UNUSED_FUNCTION = YES;
				GCC_WARN_UNUSED_VARIABLE = YES;
				IPHONEOS_DEPLOYMENT_TARGET = 11.1;
				MTL_ENABLE_DEBUG_INFO = YES;
				ONLY_ACTIVE_ARCH = YES;
				SDKROOT = iphoneos;
			};
			name = Debug;
		};
		C11AB44120619608000AB000 /* Release */ = {
			isa = XCBuildConfiguration;
			buildSettings = {
				ALWAYS_SEARCH_USER_PATHS = NO;
				CLANG_ANALYZER_NONNULL = YES;
				CLANG_ANALYZER_NUMBER_OBJECT_CONVERSION = YES_AGGRESSIVE;
				CLANG_CXX_LANGUAGE_STANDARD = "gnu++14";
				CLANG_CXX_LIBRARY = "libc++";
				CLANG_ENABLE_MODULES = YES;
				CLANG_ENABLE_OBJC_ARC = YES;
				CLANG_WARN_BLOCK_CAPTURE_AUTORELEASING = YES;
				CLANG_WARN_BOOL_CONVERSION = YES;
				CLANG_WARN_COMMA = YES;
				CLANG_WARN_CONSTANT_CONVERSION = YES;
				CLANG_WARN_DIRECT_OBJC_ISA_USAGE = YES_ERROR;
				CLANG_WARN_DOCUMENTATION_COMMENTS = YES;
				CLANG_WARN_EMPTY_BODY = YES;
				CLANG_WARN_ENUM_CONVERSION = YES;
				CLANG_WARN_INFINITE_RECURSION = YES;
				CLANG_WARN_INT_CONVERSION = YES;
				CLANG_WARN_NON_LITERAL_NULL_CONVERSION = YES;
				CLANG_WARN_OBJC_LITERAL_CONVERSION = YES;
				CLANG_WARN_OBJC_ROOT_CLASS = YES_ERROR;
				CLANG_WARN_RANGE_LOOP_ANALYSIS = YES;
				CLANG_WARN_STRICT_PROTOTYPES = YES;
				CLANG_WARN_SUSPICIOUS_MOVE = YES;
				CLANG_WARN_UNGUARDED_AVAILABILITY = YES_AGGRESSIVE;
				CLANG_WARN_UNREACHABLE_CODE = YES;
				CLANG_WARN__DUPLICATE_METHOD_MATCH = YES;
				CODE_SIGN_IDENTITY = "iPhone Developer";
				COPY_PHASE_STRIP = NO;
				DEBUG_INFORMATION_FORMAT = "dwarf-with-dsym";
				ENABLE_NS_ASSERTIONS = NO;
				ENABLE_STRICT_OBJC_MSGSEND = YES;
				GCC_C_LANGUAGE_STANDARD = gnu11;
				GCC_NO_COMMON_BLOCKS = YES;
				GCC_WARN_64_TO_32_BIT_CONVERSION = YES;
				GCC_WARN_ABOUT_RETURN_TYPE = YES_ERROR;
				GCC_WARN_UNDECLARED_SELECTOR = YES;
				GCC_WARN_UNINITIALIZED_AUTOS = YES_AGGRESSIVE;
				GCC_WARN_UNUSED_FUNCTION = YES;
				GCC_WARN_UNUSED_VARIABLE = YES;
				IPHONEOS_DEPLOYMENT_TARGET = 11.1;
				MTL_ENABLE_DEBUG_INFO = NO;
				SDKROOT = iphoneos;
				VALIDATE_PRODUCT = YES;
			};
			name = Release;
		};
		C11AB44320619608000AB000 /* Debug */ = {
			isa = XCBuildConfiguration;
			buildSettings = {
				ASSETCATALOG_COMPILER_APPICON_NAME = AppIcon;
				CODE_SIGN_STYLE = Automatic;
				DEVELOPMENT_TEAM = NBHGMCQ443;
				INFOPLIST_FILE = WeatherApp/Info.plist;
				LD_RUNPATH_SEARCH_PATHS = "$(inherited) @executable_path/Frameworks";
				PRODUCT_BUNDLE_IDENTIFIER = co.uk.onyxinteractive.WeatherApp;
				PRODUCT_NAME = "$(TARGET_NAME)";
				TARGETED_DEVICE_FAMILY = "1,2";
			};
			name = Debug;
		};
		C11AB44420619608000AB000 /* Release */ = {
			isa = XCBuildConfiguration;
			buildSettings = {
				ASSETCATALOG_COMPILER_APPICON_NAME = AppIcon;
				CODE_SIGN_STYLE = Automatic;
				DEVELOPMENT_TEAM = NBHGMCQ443;
				INFOPLIST_FILE = WeatherApp/Info.plist;
				LD_RUNPATH_SEARCH_PATHS = "$(inherited) @executable_path/Frameworks";
				PRODUCT_BUNDLE_IDENTIFIER = co.uk.onyxinteractive.WeatherApp;
				PRODUCT_NAME = "$(TARGET_NAME)";
				TARGETED_DEVICE_FAMILY = "1,2";
			};
			name = Release;
		};
/* End XCBuildConfiguration section */

/* Begin XCConfigurationList section */
		C11AB42720619608000AB000 /* Build configuration list for PBXProject "WeatherApp" */ = {
			isa = XCConfigurationList;
			buildConfigurations = (
				C11AB44020619608000AB000 /* Debug */,
				C11AB44120619608000AB000 /* Release */,
			);
			defaultConfigurationIsVisible = 0;
			defaultConfigurationName = Release;
		};
		C11AB44220619608000AB000 /* Build configuration list for PBXNativeTarget "WeatherApp" */ = {
			isa = XCConfigurationList;
			buildConfigurations = (
				C11AB44320619608000AB000 /* Debug */,
				C11AB44420619608000AB000 /* Release */,
			);
			defaultConfigurationIsVisible = 0;
			defaultConfigurationName = Release;
		};
/* End XCConfigurationList section */
	};
	rootObject = C11AB42420619608000AB000 /* Project object */;
}
